Microsoft Visual Studio Solution File, Format Version 12.00
# Visual Studio Version 17
VisualStudioVersion = 17.5.2.0
MinimumVisualStudioVersion = 10.0.40219.1
Project("{FAE04EC0-301F-11D3-BF4B-00C04F79EFBC}") = "Uyanik", "uyanik\Uyanik.csproj", "{B2E9E58C-3311-39EF-B0C4-B540A2AF98B1}"
EndProject
Global
	GlobalSection(SolutionConfigurationPlatforms) = preSolution
		Debug|Any CPU = Debug|Any CPU
		Release|Any CPU = Release|Any CPU
	EndGlobalSection
	GlobalSection(ProjectConfigurationPlatforms) = postSolution
		{B2E9E58C-3311-39EF-B0C4-B540A2AF98B1}.Debug|Any CPU.ActiveCfg = Debug|Any CPU
		{B2E9E58C-3311-39EF-B0C4-B540A2AF98B1}.Debug|Any CPU.Build.0 = Debug|Any CPU
		{B2E9E58C-3311-39EF-B0C4-B540A2AF98B1}.Release|Any CPU.ActiveCfg = Release|Any CPU
		{B2E9E58C-3311-39EF-B0C4-B540A2AF98B1}.Release|Any CPU.Build.0 = Release|Any CPU
	EndGlobalSection
	GlobalSection(SolutionProperties) = preSolution
		HideSolutionNode = FALSE
	EndGlobalSection
	GlobalSection(ExtensibilityGlobals) = postSolution
		SolutionGuid = {44499171-1A0F-4049-AAB1-C802D2F89D2E}
	EndGlobalSection
EndGlobal
